
Microsoft Visual Studio Solution File, Format Version 12.00
# Visual Studio Version 17
VisualStudioVersion = 17.4.32916.344
MinimumVisualStudioVersion = 10.0.40219.1
Project("{FAE04EC0-301F-11D3-BF4B-00C04F79EFBC}") = "ControlIngresoGastos", "ControlIngresoGastos.csproj", "{BCA35999-6718-4FD0-BC38-B9CE85E4BC1D}"
EndProject
Global
	GlobalSection(SolutionConfigurationPlatforms) = preSolution
		Debug|Any CPU = Debug|Any CPU
		Release|Any CPU = Release|Any CPU
	EndGlobalSection
	GlobalSection(ProjectConfigurationPlatforms) = postSolution
		{BCA35999-6718-4FD0-BC38-B9CE85E4BC1D}.Debug|Any CPU.ActiveCfg = Debug|Any CPU
		{BCA35999-6718-4FD0-BC38-B9CE85E4BC1D}.Debug|Any CPU.Build.0 = Debug|Any CPU
		{BCA35999-6718-4FD0-BC38-B9CE85E4BC1D}.Release|Any CPU.ActiveCfg = Release|Any CPU
		{BCA35999-6718-4FD0-BC38-B9CE85E4BC1D}.Release|Any CPU.Build.0 = Release|Any CPU
	EndGlobalSection
	GlobalSection(SolutionProperties) = preSolution
		HideSolutionNode = FALSE
	EndGlobalSection
	GlobalSection(ExtensibilityGlobals) = postSolution
		SolutionGuid = {A7F46AAA-DC68-46A2-A629-1730E6DDF75E}
	EndGlobalSection
EndGlobal
